{
  "nodes": {
    "agda2hs": {
      "inputs": {
        "flake-utils": [
          "flake-utils"
        ],
        "nixpkgs": [
          "nixpkgs"
        ]
      },
      "locked": {
        "lastModified": 1712926993,
        "narHash": "sha256-FGCYpADC63sEFZV7aDmZduFu/2lJXHKHJ4Q6p3JjH/o=",
        "owner": "agda",
        "repo": "agda2hs",
        "rev": "600885f9d32e8c8e5aeb4b1bce4fe9553f77726c",
        "type": "github"
      },
      "original": {
        "owner": "agda",
        "repo": "agda2hs",
        "type": "github"
      }
    },
    "flake-utils": {
      "inputs": {
        "systems": "systems"
      },
      "locked": {
        "lastModified": 1710146030,
        "narHash": "sha256-SZ5L6eA7HJ/nmkzGG7/ISclqe6oZdOZTNoesiInkXPQ=",
        "owner": "numtide",
        "repo": "flake-utils",
        "rev": "b1d9ab70662946ef0850d488da1c9019f3a9752a",
        "type": "github"
      },
      "original": {
        "owner": "numtide",
        "repo": "flake-utils",
        "type": "github"
      }
    },
    "nixpkgs": {
      "locked": {
        "lastModified": 1711555466,
        "narHash": "sha256-9dFqku75mJxShvJRUz1malF9ogscavI5YoLXLW/7zDw=",
        "owner": "NixOS",
        "repo": "nixpkgs",
        "rev": "9b1984ce3648bf9479a67820876d72700c3faa4f",
        "type": "github"
      },
      "original": {
        "owner": "NixOS",
        "repo": "nixpkgs",
        "type": "github"
      }
    },
    "root": {
      "inputs": {
        "agda2hs": "agda2hs",
        "flake-utils": "flake-utils",
        "nixpkgs": "nixpkgs"
      }
    },
    "systems": {
      "locked": {
        "lastModified": 1681028828,
        "narHash": "sha256-Vy1rq5AaRuLzOxct8nz4T6wlgyUR7zLU309k9mBC768=",
        "owner": "nix-systems",
        "repo": "default",
        "rev": "da67096a3b9bf56a91d16901293e51ba5b49a27e",
        "type": "github"
      },
      "original": {
        "owner": "nix-systems",
        "repo": "default",
        "type": "github"
      }
    }
  },
  "root": "root",
  "version": 7
}
