{
  "nodes": {
    "agda2hs": {
      "inputs": {
        "flake-utils": [
          "flake-utils"
        ],
        "nixpkgs": [
          "nixpkgs"
        ]
      },
      "locked": {
        "lastModified": 1727184087,
        "narHash": "sha256-tFhF8TzmoXeO655ruVhI8DZC4e3r0NtRnZuKvwZ7eFI=",
        "owner": "agda",
        "repo": "agda2hs",
        "rev": "80734767d3c1f73037e3d6246d3d2879b65e6801",
        "type": "github"
      },
      "original": {
        "owner": "agda",
        "repo": "agda2hs",
        "type": "github"
      }
    },
    "flake-utils": {
      "inputs": {
        "systems": "systems"
      },
      "locked": {
        "lastModified": 1726560853,
        "narHash": "sha256-X6rJYSESBVr3hBoH0WbKE5KvhPU5bloyZ2L4K60/fPQ=",
        "owner": "numtide",
        "repo": "flake-utils",
        "rev": "c1dfcf08411b08f6b8615f7d8971a2bfa81d5e8a",
        "type": "github"
      },
      "original": {
        "owner": "numtide",
        "repo": "flake-utils",
        "type": "github"
      }
    },
    "nixpkgs": {
      "locked": {
        "lastModified": 1727184149,
        "narHash": "sha256-8SU2mUCu04YWoBbCjhXsC0bPG0d5IrNAdGLdSbt9pkA=",
        "owner": "NixOS",
        "repo": "nixpkgs",
        "rev": "dcfdb366661e4ac4b4d209fe0a412000deb9f61f",
        "type": "github"
      },
      "original": {
        "owner": "NixOS",
        "repo": "nixpkgs",
        "type": "github"
      }
    },
    "root": {
      "inputs": {
        "agda2hs": "agda2hs",
        "flake-utils": "flake-utils",
        "nixpkgs": "nixpkgs"
      }
    },
    "systems": {
      "locked": {
        "lastModified": 1681028828,
        "narHash": "sha256-Vy1rq5AaRuLzOxct8nz4T6wlgyUR7zLU309k9mBC768=",
        "owner": "nix-systems",
        "repo": "default",
        "rev": "da67096a3b9bf56a91d16901293e51ba5b49a27e",
        "type": "github"
      },
      "original": {
        "owner": "nix-systems",
        "repo": "default",
        "type": "github"
      }
    }
  },
  "root": "root",
  "version": 7
}
